
Microsoft Visual Studio Solution File, Format Version 12.00
# Visual Studio Version 17
VisualStudioVersion = 17.0.31903.59
MinimumVisualStudioVersion = 10.0.40219.1
Project("{FAE04EC0-301F-11D3-BF4B-00C04F79EFBC}") = "mangaScraper", "mangaScraper\mangaScraper.csproj", "{F527A2D4-99ED-4D80-9412-57B4465BBC68}"
EndProject
Project("{FAE04EC0-301F-11D3-BF4B-00C04F79EFBC}") = "mangaDownloader", "mangaDownloader\mangaDownloader.csproj", "{2AEFAF90-6932-4FEE-80BB-C409E54FD0DD}"
EndProject
Global
	GlobalSection(SolutionConfigurationPlatforms) = preSolution
		Debug|Any CPU = Debug|Any CPU
		Release|Any CPU = Release|Any CPU
	EndGlobalSection
	GlobalSection(SolutionProperties) = preSolution
		HideSolutionNode = FALSE
	EndGlobalSection
	GlobalSection(ProjectConfigurationPlatforms) = postSolution
		{F527A2D4-99ED-4D80-9412-57B4465BBC68}.Debug|Any CPU.ActiveCfg = Debug|Any CPU
		{F527A2D4-99ED-4D80-9412-57B4465BBC68}.Debug|Any CPU.Build.0 = Debug|Any CPU
		{F527A2D4-99ED-4D80-9412-57B4465BBC68}.Release|Any CPU.ActiveCfg = Release|Any CPU
		{F527A2D4-99ED-4D80-9412-57B4465BBC68}.Release|Any CPU.Build.0 = Release|Any CPU
		{2AEFAF90-6932-4FEE-80BB-C409E54FD0DD}.Debug|Any CPU.ActiveCfg = Debug|Any CPU
		{2AEFAF90-6932-4FEE-80BB-C409E54FD0DD}.Debug|Any CPU.Build.0 = Debug|Any CPU
		{2AEFAF90-6932-4FEE-80BB-C409E54FD0DD}.Release|Any CPU.ActiveCfg = Release|Any CPU
		{2AEFAF90-6932-4FEE-80BB-C409E54FD0DD}.Release|Any CPU.Build.0 = Release|Any CPU
	EndGlobalSection
EndGlobal
